
Microsoft Visual Studio Solution File, Format Version 12.00
# Visual Studio Version 16
VisualStudioVersion = 16.0.30204.135
MinimumVisualStudioVersion = 10.0.40219.1
Project("{D2ABAB84-BF74-430A-B69E-9DC6D40DDA17}") = "DW_TEST", "DW_TEST.dwproj", "{DE568EED-4035-46EA-97B6-406ED1E01507}"
EndProject
Global
	GlobalSection(SolutionConfigurationPlatforms) = preSolution
		Development|Default = Development|Default
	EndGlobalSection
	GlobalSection(ProjectConfigurationPlatforms) = postSolution
		{DE568EED-4035-46EA-97B6-406ED1E01507}.Development|Default.ActiveCfg = Development
		{DE568EED-4035-46EA-97B6-406ED1E01507}.Development|Default.Build.0 = Development
		{DE568EED-4035-46EA-97B6-406ED1E01507}.Development|Default.Deploy.0 = Development
	EndGlobalSection
	GlobalSection(SolutionProperties) = preSolution
		HideSolutionNode = FALSE
	EndGlobalSection
	GlobalSection(ExtensibilityGlobals) = postSolution
		SolutionGuid = {10933C32-7880-4F78-AE33-47C39E7F15A2}
	EndGlobalSection
EndGlobal
